
Microsoft Visual Studio Solution File, Format Version 12.00
# Visual Studio 15
VisualStudioVersion = 15.0.28307.1927
MinimumVisualStudioVersion = 10.0.40219.1
Project("{8BC9CEB8-8B4A-11D0-8D11-00A0C91BC942}") = "TriggerArbitraryWrite", "TriggerArbitraryWrite\TriggerArbitraryWrite.vcxproj", "{9185ADC4-1523-4745-AE9E-CC3C2AEA22A6}"
EndProject
Project("{8BC9CEB8-8B4A-11D0-8D11-00A0C91BC942}") = "TriggerArbitraryWrite64", "TriggerArbitraryWrite64\TriggerArbitraryWrite64.vcxproj", "{0857EAFE-0599-49E4-8D55-7F99158F79CE}"
EndProject
Global
	GlobalSection(SolutionConfigurationPlatforms) = preSolution
		Debug|x64 = Debug|x64
		Debug|x86 = Debug|x86
		Release|x64 = Release|x64
		Release|x86 = Release|x86
	EndGlobalSection
	GlobalSection(ProjectConfigurationPlatforms) = postSolution
		{9185ADC4-1523-4745-AE9E-CC3C2AEA22A6}.Debug|x64.ActiveCfg = Debug|x64
		{9185ADC4-1523-4745-AE9E-CC3C2AEA22A6}.Debug|x64.Build.0 = Debug|x64
		{9185ADC4-1523-4745-AE9E-CC3C2AEA22A6}.Debug|x86.ActiveCfg = Debug|Win32
		{9185ADC4-1523-4745-AE9E-CC3C2AEA22A6}.Debug|x86.Build.0 = Debug|Win32
		{9185ADC4-1523-4745-AE9E-CC3C2AEA22A6}.Release|x64.ActiveCfg = Release|x64
		{9185ADC4-1523-4745-AE9E-CC3C2AEA22A6}.Release|x64.Build.0 = Release|x64
		{9185ADC4-1523-4745-AE9E-CC3C2AEA22A6}.Release|x86.ActiveCfg = Release|Win32
		{9185ADC4-1523-4745-AE9E-CC3C2AEA22A6}.Release|x86.Build.0 = Release|Win32
		{0857EAFE-0599-49E4-8D55-7F99158F79CE}.Debug|x64.ActiveCfg = Debug|x64
		{0857EAFE-0599-49E4-8D55-7F99158F79CE}.Debug|x64.Build.0 = Debug|x64
		{0857EAFE-0599-49E4-8D55-7F99158F79CE}.Debug|x86.ActiveCfg = Debug|Win32
		{0857EAFE-0599-49E4-8D55-7F99158F79CE}.Debug|x86.Build.0 = Debug|Win32
		{0857EAFE-0599-49E4-8D55-7F99158F79CE}.Release|x64.ActiveCfg = Release|x64
		{0857EAFE-0599-49E4-8D55-7F99158F79CE}.Release|x64.Build.0 = Release|x64
		{0857EAFE-0599-49E4-8D55-7F99158F79CE}.Release|x86.ActiveCfg = Release|Win32
		{0857EAFE-0599-49E4-8D55-7F99158F79CE}.Release|x86.Build.0 = Release|Win32
	EndGlobalSection
	GlobalSection(SolutionProperties) = preSolution
		HideSolutionNode = FALSE
	EndGlobalSection
	GlobalSection(ExtensibilityGlobals) = postSolution
		SolutionGuid = {BD1B0A08-A12D-45B4-9994-50D53FAC626A}
	EndGlobalSection
EndGlobal
